
Microsoft Visual Studio Solution File, Format Version 12.00
# Visual Studio 15
VisualStudioVersion = 15.0.26730.12
MinimumVisualStudioVersion = 10.0.40219.1
Project("{FAE04EC0-301F-11D3-BF4B-00C04F79EFBC}") = "ladice", "ladice\ladice.csproj", "{23D1575E-BBE3-4063-A107-2B4CB6B200A8}"
EndProject
Global
	GlobalSection(SolutionConfigurationPlatforms) = preSolution
		Debug|Any CPU = Debug|Any CPU
		Release|Any CPU = Release|Any CPU
	EndGlobalSection
	GlobalSection(ProjectConfigurationPlatforms) = postSolution
		{23D1575E-BBE3-4063-A107-2B4CB6B200A8}.Debug|Any CPU.ActiveCfg = Debug|Any CPU
		{23D1575E-BBE3-4063-A107-2B4CB6B200A8}.Debug|Any CPU.Build.0 = Debug|Any CPU
		{23D1575E-BBE3-4063-A107-2B4CB6B200A8}.Release|Any CPU.ActiveCfg = Release|Any CPU
		{23D1575E-BBE3-4063-A107-2B4CB6B200A8}.Release|Any CPU.Build.0 = Release|Any CPU
	EndGlobalSection
	GlobalSection(SolutionProperties) = preSolution
		HideSolutionNode = FALSE
	EndGlobalSection
	GlobalSection(ExtensibilityGlobals) = postSolution
		SolutionGuid = {E0C0CADC-946F-47B8-BB41-75533CD843F7}
	EndGlobalSection
EndGlobal
